
Microsoft Visual Studio Solution File, Format Version 12.00
# Visual Studio 2013
VisualStudioVersion = 12.0.30501.0
MinimumVisualStudioVersion = 10.0.40219.1
Project("{FAE04EC0-301F-11D3-BF4B-00C04F79EFBC}") = "rdpserver", "rdpserver\rdpserver.csproj", "{698711E7-3CED-40B6-BF6F-D8C1982C153E}"
EndProject
Project("{FAE04EC0-301F-11D3-BF4B-00C04F79EFBC}") = "rdpcontroller", "rdpcontroller\rdpcontroller.csproj", "{D09DC5A3-6764-4583-A4E8-E9BB8063945C}"
EndProject
Project("{FAE04EC0-301F-11D3-BF4B-00C04F79EFBC}") = "rdpclient", "rdpclient\rdpclient.csproj", "{AA6EE7FF-A93D-4BD5-9E9C-AF21136BF5F0}"
EndProject
Global
	GlobalSection(SolutionConfigurationPlatforms) = preSolution
		Debug|Any CPU = Debug|Any CPU
		Release|Any CPU = Release|Any CPU
	EndGlobalSection
	GlobalSection(ProjectConfigurationPlatforms) = postSolution
		{698711E7-3CED-40B6-BF6F-D8C1982C153E}.Debug|Any CPU.ActiveCfg = Debug|Any CPU
		{698711E7-3CED-40B6-BF6F-D8C1982C153E}.Debug|Any CPU.Build.0 = Debug|Any CPU
		{698711E7-3CED-40B6-BF6F-D8C1982C153E}.Release|Any CPU.ActiveCfg = Release|Any CPU
		{698711E7-3CED-40B6-BF6F-D8C1982C153E}.Release|Any CPU.Build.0 = Release|Any CPU
		{D09DC5A3-6764-4583-A4E8-E9BB8063945C}.Debug|Any CPU.ActiveCfg = Debug|Any CPU
		{D09DC5A3-6764-4583-A4E8-E9BB8063945C}.Debug|Any CPU.Build.0 = Debug|Any CPU
		{D09DC5A3-6764-4583-A4E8-E9BB8063945C}.Release|Any CPU.ActiveCfg = Release|Any CPU
		{D09DC5A3-6764-4583-A4E8-E9BB8063945C}.Release|Any CPU.Build.0 = Release|Any CPU
		{AA6EE7FF-A93D-4BD5-9E9C-AF21136BF5F0}.Debug|Any CPU.ActiveCfg = Debug|Any CPU
		{AA6EE7FF-A93D-4BD5-9E9C-AF21136BF5F0}.Debug|Any CPU.Build.0 = Debug|Any CPU
		{AA6EE7FF-A93D-4BD5-9E9C-AF21136BF5F0}.Release|Any CPU.ActiveCfg = Release|Any CPU
		{AA6EE7FF-A93D-4BD5-9E9C-AF21136BF5F0}.Release|Any CPU.Build.0 = Release|Any CPU
	EndGlobalSection
	GlobalSection(SolutionProperties) = preSolution
		HideSolutionNode = FALSE
	EndGlobalSection
EndGlobal
